
Microsoft Visual Studio Solution File, Format Version 12.00
# Visual Studio Version 17
VisualStudioVersion = 17.5.002.0
MinimumVisualStudioVersion = 10.0.40219.1
Project("{9A19103F-16F7-4668-BE54-9A1E7A4F7556}") = "Kafka.Consumer", "Kafka.Consumer.csproj", "{864F1E39-E0D3-4AB0-9B84-4684B23A7940}"
EndProject
Global
	GlobalSection(SolutionConfigurationPlatforms) = preSolution
		Debug|Any CPU = Debug|Any CPU
		Release|Any CPU = Release|Any CPU
	EndGlobalSection
	GlobalSection(ProjectConfigurationPlatforms) = postSolution
		{864F1E39-E0D3-4AB0-9B84-4684B23A7940}.Debug|Any CPU.ActiveCfg = Debug|Any CPU
		{864F1E39-E0D3-4AB0-9B84-4684B23A7940}.Debug|Any CPU.Build.0 = Debug|Any CPU
		{864F1E39-E0D3-4AB0-9B84-4684B23A7940}.Release|Any CPU.ActiveCfg = Release|Any CPU
		{864F1E39-E0D3-4AB0-9B84-4684B23A7940}.Release|Any CPU.Build.0 = Release|Any CPU
	EndGlobalSection
	GlobalSection(SolutionProperties) = preSolution
		HideSolutionNode = FALSE
	EndGlobalSection
	GlobalSection(ExtensibilityGlobals) = postSolution
		SolutionGuid = {FCE8C738-08DF-42EA-A4D0-A87918C9147F}
	EndGlobalSection
EndGlobal
